
Microsoft Visual Studio Solution File, Format Version 12.00
# Visual Studio Version 16
VisualStudioVersion = 16.0.33423.256
MinimumVisualStudioVersion = 10.0.40219.1
Project("{FAE04EC0-301F-11D3-BF4B-00C04F79EFBC}") = "TP INTEGRADOR", "TP INTEGRADOR.csproj", "{C0539A69-D74E-4C95-9213-48ECA799A77E}"
EndProject
Global
	GlobalSection(SolutionConfigurationPlatforms) = preSolution
		Debug|Any CPU = Debug|Any CPU
		Release|Any CPU = Release|Any CPU
	EndGlobalSection
	GlobalSection(ProjectConfigurationPlatforms) = postSolution
		{C0539A69-D74E-4C95-9213-48ECA799A77E}.Debug|Any CPU.ActiveCfg = Debug|Any CPU
		{C0539A69-D74E-4C95-9213-48ECA799A77E}.Debug|Any CPU.Build.0 = Debug|Any CPU
		{C0539A69-D74E-4C95-9213-48ECA799A77E}.Release|Any CPU.ActiveCfg = Release|Any CPU
		{C0539A69-D74E-4C95-9213-48ECA799A77E}.Release|Any CPU.Build.0 = Release|Any CPU
	EndGlobalSection
	GlobalSection(SolutionProperties) = preSolution
		HideSolutionNode = FALSE
	EndGlobalSection
	GlobalSection(ExtensibilityGlobals) = postSolution
		SolutionGuid = {B71EC793-757A-4064-8C9B-3FC3161B3698}
	EndGlobalSection
EndGlobal
